
Microsoft Visual Studio Solution File, Format Version 12.00
# Visual Studio 15
VisualStudioVersion = 15.0.27004.2006
MinimumVisualStudioVersion = 10.0.40219.1
Project("{00D1A9C2-B5F0-4AF3-8072-F6C62B433612}") = "EventosDB", "EventosDB\EventosDB.sqlproj", "{964D7258-331E-4839-A10A-4D8E80F82130}"
EndProject
Project("{FAE04EC0-301F-11D3-BF4B-00C04F79EFBC}") = "Modelo", "Modelo\Modelo.csproj", "{0374755B-155E-4E86-9835-A1EFB3D6A488}"
EndProject
Project("{FAE04EC0-301F-11D3-BF4B-00C04F79EFBC}") = "Desktop", "Desktop\Desktop.csproj", "{F85C1397-5615-4486-B144-7553F3E7C4A0}"
EndProject
Project("{FAE04EC0-301F-11D3-BF4B-00C04F79EFBC}") = "Web", "Web\Web.csproj", "{FADAECD7-D3B3-4EE2-80C3-FAE97F0DD37D}"
EndProject
Project("{FAE04EC0-301F-11D3-BF4B-00C04F79EFBC}") = "Web.Tests", "Web.Tests\Web.Tests.csproj", "{8B18F1AF-7EB0-4A6C-9E3A-CF8F91D8BE5B}"
EndProject
Global
	GlobalSection(SolutionConfigurationPlatforms) = preSolution
		Debug|Any CPU = Debug|Any CPU
		Release|Any CPU = Release|Any CPU
	EndGlobalSection
	GlobalSection(ProjectConfigurationPlatforms) = postSolution
		{964D7258-331E-4839-A10A-4D8E80F82130}.Debug|Any CPU.ActiveCfg = Debug|Any CPU
		{964D7258-331E-4839-A10A-4D8E80F82130}.Debug|Any CPU.Build.0 = Debug|Any CPU
		{964D7258-331E-4839-A10A-4D8E80F82130}.Debug|Any CPU.Deploy.0 = Debug|Any CPU
		{964D7258-331E-4839-A10A-4D8E80F82130}.Release|Any CPU.ActiveCfg = Release|Any CPU
		{964D7258-331E-4839-A10A-4D8E80F82130}.Release|Any CPU.Build.0 = Release|Any CPU
		{964D7258-331E-4839-A10A-4D8E80F82130}.Release|Any CPU.Deploy.0 = Release|Any CPU
		{0374755B-155E-4E86-9835-A1EFB3D6A488}.Debug|Any CPU.ActiveCfg = Debug|Any CPU
		{0374755B-155E-4E86-9835-A1EFB3D6A488}.Debug|Any CPU.Build.0 = Debug|Any CPU
		{0374755B-155E-4E86-9835-A1EFB3D6A488}.Release|Any CPU.ActiveCfg = Release|Any CPU
		{0374755B-155E-4E86-9835-A1EFB3D6A488}.Release|Any CPU.Build.0 = Release|Any CPU
		{F85C1397-5615-4486-B144-7553F3E7C4A0}.Debug|Any CPU.ActiveCfg = Debug|Any CPU
		{F85C1397-5615-4486-B144-7553F3E7C4A0}.Debug|Any CPU.Build.0 = Debug|Any CPU
		{F85C1397-5615-4486-B144-7553F3E7C4A0}.Release|Any CPU.ActiveCfg = Release|Any CPU
		{F85C1397-5615-4486-B144-7553F3E7C4A0}.Release|Any CPU.Build.0 = Release|Any CPU
		{FADAECD7-D3B3-4EE2-80C3-FAE97F0DD37D}.Debug|Any CPU.ActiveCfg = Debug|Any CPU
		{FADAECD7-D3B3-4EE2-80C3-FAE97F0DD37D}.Debug|Any CPU.Build.0 = Debug|Any CPU
		{FADAECD7-D3B3-4EE2-80C3-FAE97F0DD37D}.Release|Any CPU.ActiveCfg = Release|Any CPU
		{FADAECD7-D3B3-4EE2-80C3-FAE97F0DD37D}.Release|Any CPU.Build.0 = Release|Any CPU
		{8B18F1AF-7EB0-4A6C-9E3A-CF8F91D8BE5B}.Debug|Any CPU.ActiveCfg = Debug|Any CPU
		{8B18F1AF-7EB0-4A6C-9E3A-CF8F91D8BE5B}.Debug|Any CPU.Build.0 = Debug|Any CPU
		{8B18F1AF-7EB0-4A6C-9E3A-CF8F91D8BE5B}.Release|Any CPU.ActiveCfg = Release|Any CPU
		{8B18F1AF-7EB0-4A6C-9E3A-CF8F91D8BE5B}.Release|Any CPU.Build.0 = Release|Any CPU
	EndGlobalSection
	GlobalSection(SolutionProperties) = preSolution
		HideSolutionNode = FALSE
	EndGlobalSection
	GlobalSection(ExtensibilityGlobals) = postSolution
		SolutionGuid = {F7CC9244-01D0-4EF8-A717-19549A0925BB}
	EndGlobalSection
EndGlobal
